
Microsoft Visual Studio Solution File, Format Version 12.00
# Visual Studio Version 17
VisualStudioVersion = 17.6.33815.320
MinimumVisualStudioVersion = 10.0.40219.1
Project("{9A19103F-16F7-4668-BE54-9A1E7A4F7556}") = "WpfApp1", "WpfApp1\WpfApp1.csproj", "{C4E65B68-A224-4A8E-9643-C26089A08DF4}"
EndProject
Project("{B7DD6F7E-DEF8-4E67-B5B7-07EF123DB6F0}") = "CalculatorFiles", "CalculatorInstaller\CalculatorFiles.wixproj", "{0A19BF0A-3707-4FF9-BBD3-83A6389E40A2}"
EndProject
Global
	GlobalSection(SolutionConfigurationPlatforms) = preSolution
		Debug|Any CPU = Debug|Any CPU
		Debug|ARM64 = Debug|ARM64
		Debug|x64 = Debug|x64
		Debug|x86 = Debug|x86
		Release|Any CPU = Release|Any CPU
		Release|ARM64 = Release|ARM64
		Release|x64 = Release|x64
		Release|x86 = Release|x86
	EndGlobalSection
	GlobalSection(ProjectConfigurationPlatforms) = postSolution
		{C4E65B68-A224-4A8E-9643-C26089A08DF4}.Debug|Any CPU.ActiveCfg = Debug|Any CPU
		{C4E65B68-A224-4A8E-9643-C26089A08DF4}.Debug|Any CPU.Build.0 = Debug|Any CPU
		{C4E65B68-A224-4A8E-9643-C26089A08DF4}.Debug|ARM64.ActiveCfg = Debug|Any CPU
		{C4E65B68-A224-4A8E-9643-C26089A08DF4}.Debug|ARM64.Build.0 = Debug|Any CPU
		{C4E65B68-A224-4A8E-9643-C26089A08DF4}.Debug|x64.ActiveCfg = Debug|Any CPU
		{C4E65B68-A224-4A8E-9643-C26089A08DF4}.Debug|x64.Build.0 = Debug|Any CPU
		{C4E65B68-A224-4A8E-9643-C26089A08DF4}.Debug|x86.ActiveCfg = Debug|Any CPU
		{C4E65B68-A224-4A8E-9643-C26089A08DF4}.Debug|x86.Build.0 = Debug|Any CPU
		{C4E65B68-A224-4A8E-9643-C26089A08DF4}.Release|Any CPU.ActiveCfg = Release|Any CPU
		{C4E65B68-A224-4A8E-9643-C26089A08DF4}.Release|Any CPU.Build.0 = Release|Any CPU
		{C4E65B68-A224-4A8E-9643-C26089A08DF4}.Release|ARM64.ActiveCfg = Release|Any CPU
		{C4E65B68-A224-4A8E-9643-C26089A08DF4}.Release|ARM64.Build.0 = Release|Any CPU
		{C4E65B68-A224-4A8E-9643-C26089A08DF4}.Release|x64.ActiveCfg = Release|Any CPU
		{C4E65B68-A224-4A8E-9643-C26089A08DF4}.Release|x64.Build.0 = Release|Any CPU
		{C4E65B68-A224-4A8E-9643-C26089A08DF4}.Release|x86.ActiveCfg = Release|Any CPU
		{C4E65B68-A224-4A8E-9643-C26089A08DF4}.Release|x86.Build.0 = Release|Any CPU
		{0A19BF0A-3707-4FF9-BBD3-83A6389E40A2}.Debug|Any CPU.ActiveCfg = Debug|x64
		{0A19BF0A-3707-4FF9-BBD3-83A6389E40A2}.Debug|Any CPU.Build.0 = Debug|x64
		{0A19BF0A-3707-4FF9-BBD3-83A6389E40A2}.Debug|ARM64.ActiveCfg = Debug|ARM64
		{0A19BF0A-3707-4FF9-BBD3-83A6389E40A2}.Debug|ARM64.Build.0 = Debug|ARM64
		{0A19BF0A-3707-4FF9-BBD3-83A6389E40A2}.Debug|x64.ActiveCfg = Debug|x64
		{0A19BF0A-3707-4FF9-BBD3-83A6389E40A2}.Debug|x64.Build.0 = Debug|x64
		{0A19BF0A-3707-4FF9-BBD3-83A6389E40A2}.Debug|x86.ActiveCfg = Debug|x86
		{0A19BF0A-3707-4FF9-BBD3-83A6389E40A2}.Debug|x86.Build.0 = Debug|x86
		{0A19BF0A-3707-4FF9-BBD3-83A6389E40A2}.Release|Any CPU.ActiveCfg = Release|x86
		{0A19BF0A-3707-4FF9-BBD3-83A6389E40A2}.Release|Any CPU.Build.0 = Release|x86
		{0A19BF0A-3707-4FF9-BBD3-83A6389E40A2}.Release|ARM64.ActiveCfg = Release|ARM64
		{0A19BF0A-3707-4FF9-BBD3-83A6389E40A2}.Release|ARM64.Build.0 = Release|ARM64
		{0A19BF0A-3707-4FF9-BBD3-83A6389E40A2}.Release|x64.ActiveCfg = Release|x64
		{0A19BF0A-3707-4FF9-BBD3-83A6389E40A2}.Release|x64.Build.0 = Release|x64
		{0A19BF0A-3707-4FF9-BBD3-83A6389E40A2}.Release|x86.ActiveCfg = Release|x86
		{0A19BF0A-3707-4FF9-BBD3-83A6389E40A2}.Release|x86.Build.0 = Release|x86
	EndGlobalSection
	GlobalSection(SolutionProperties) = preSolution
		HideSolutionNode = FALSE
	EndGlobalSection
	GlobalSection(ExtensibilityGlobals) = postSolution
		SolutionGuid = {CE39C849-8532-47AD-A28B-404EE73DE096}
	EndGlobalSection
EndGlobal
